
Microsoft Visual Studio Solution File, Format Version 12.00
# Visual Studio Version 17
VisualStudioVersion = 17.4.33403.182
MinimumVisualStudioVersion = 10.0.40219.1
Project("{FAE04EC0-301F-11D3-BF4B-00C04F79EFBC}") = "ConsoleApp", "ConsoleApp\ConsoleApp.csproj", "{CD8581F9-6CB4-49E8-8C4E-4089659DC136}"
EndProject
Project("{FAE04EC0-301F-11D3-BF4B-00C04F79EFBC}") = "ConsoleApp.Tests", "ConsoleApp.Tests\ConsoleApp.Tests.csproj", "{C1DDFDC1-7DFD-494B-9C1F-9104A067452C}"
EndProject
Global
	GlobalSection(SolutionConfigurationPlatforms) = preSolution
		Debug|Any CPU = Debug|Any CPU
		Release|Any CPU = Release|Any CPU
	EndGlobalSection
	GlobalSection(ProjectConfigurationPlatforms) = postSolution
		{CD8581F9-6CB4-49E8-8C4E-4089659DC136}.Debug|Any CPU.ActiveCfg = Debug|Any CPU
		{CD8581F9-6CB4-49E8-8C4E-4089659DC136}.Debug|Any CPU.Build.0 = Debug|Any CPU
		{CD8581F9-6CB4-49E8-8C4E-4089659DC136}.Release|Any CPU.ActiveCfg = Release|Any CPU
		{CD8581F9-6CB4-49E8-8C4E-4089659DC136}.Release|Any CPU.Build.0 = Release|Any CPU
		{C1DDFDC1-7DFD-494B-9C1F-9104A067452C}.Debug|Any CPU.ActiveCfg = Debug|Any CPU
		{C1DDFDC1-7DFD-494B-9C1F-9104A067452C}.Debug|Any CPU.Build.0 = Debug|Any CPU
		{C1DDFDC1-7DFD-494B-9C1F-9104A067452C}.Release|Any CPU.ActiveCfg = Release|Any CPU
		{C1DDFDC1-7DFD-494B-9C1F-9104A067452C}.Release|Any CPU.Build.0 = Release|Any CPU
	EndGlobalSection
	GlobalSection(SolutionProperties) = preSolution
		HideSolutionNode = FALSE
	EndGlobalSection
	GlobalSection(ExtensibilityGlobals) = postSolution
		SolutionGuid = {F65A5539-3A02-42C4-8D00-B2ACD1880B2D}
	EndGlobalSection
EndGlobal
